// !$*UTF8*$!
{
	archiveVersion = 1;
	classes = {
	};
	objectVersion = 56;
	objects = {

/* Begin PBXBuildFile section */
		CE1C939F2BC4DDA500369F38 /* WidgetExampleApp.swift in Sources */ = {isa = PBXBuildFile; fileRef = CE1C939E2BC4DDA500369F38 /* WidgetExampleApp.swift */; };
		CE1C93A12BC4DDA500369F38 /* ContentView.swift in Sources */ = {isa = PBXBuildFile; fileRef = CE1C93A02BC4DDA500369F38 /* ContentView.swift */; };
		CE1C93A32BC4DDA600369F38 /* Assets.xcassets in Resources */ = {isa = PBXBuildFile; fileRef = CE1C93A22BC4DDA600369F38 /* Assets.xcassets */; };
		CE1C93A62BC4DDA600369F38 /* Preview Assets.xcassets in Resources */ = {isa = PBXBuildFile; fileRef = CE1C93A52BC4DDA600369F38 /* Preview Assets.xcassets */; };
		CE1C93B32BC4DDEB00369F38 /* WidgetKit.framework in Frameworks */ = {isa = PBXBuildFile; fileRef = CE1C93B22BC4DDEB00369F38 /* WidgetKit.framework */; };
		CE1C93B52BC4DDEB00369F38 /* SwiftUI.framework in Frameworks */ = {isa = PBXBuildFile; fileRef = CE1C93B42BC4DDEB00369F38 /* SwiftUI.framework */; };
		CE1C93B82BC4DDEB00369F38 /* My_WidgetBundle.swift in Sources */ = {isa = PBXBuildFile; fileRef = CE1C93B72BC4DDEB00369F38 /* My_WidgetBundle.swift */; };
		CE1C93BA2BC4DDEB00369F38 /* My_WidgetLiveActivity.swift in Sources */ = {isa = PBXBuildFile; fileRef = CE1C93B92BC4DDEB00369F38 /* My_WidgetLiveActivity.swift */; };
		CE1C93BC2BC4DDEB00369F38 /* My_Widget.swift in Sources */ = {isa = PBXBuildFile; fileRef = CE1C93BB2BC4DDEB00369F38 /* My_Widget.swift */; };
		CE1C93BE2BC4DDEB00369F38 /* AppIntent.swift in Sources */ = {isa = PBXBuildFile; fileRef = CE1C93BD2BC4DDEB00369F38 /* AppIntent.swift */; };
		CE1C93C02BC4DDEC00369F38 /* Assets.xcassets in Resources */ = {isa = PBXBuildFile; fileRef = CE1C93BF2BC4DDEC00369F38 /* Assets.xcassets */; };
		CE1C93C42BC4DDEC00369F38 /* My WidgetExtension.appex in Embed Foundation Extensions */ = {isa = PBXBuildFile; fileRef = CE1C93B02BC4DDEB00369F38 /* My WidgetExtension.appex */; settings = {ATTRIBUTES = (RemoveHeadersOnCopy, ); }; };
/* End PBXBuildFile section */

/* Begin PBXContainerItemProxy section */
		CE1C93C22BC4DDEC00369F38 /* PBXContainerItemProxy */ = {
			isa = PBXContainerItemProxy;
			containerPortal = CE1C93932BC4DDA500369F38 /* Project object */;
			proxyType = 1;
			remoteGlobalIDString = CE1C93AF2BC4DDEB00369F38;
			remoteInfo = "My WidgetExtension";
		};
/* End PBXContainerItemProxy section */

/* Begin PBXCopyFilesBuildPhase section */
		CE1C93C82BC4DDEC00369F38 /* Embed Foundation Extensions */ = {
			isa = PBXCopyFilesBuildPhase;
			buildActionMask = 2147483647;
			dstPath = "";
			dstSubfolderSpec = 13;
			files = (
				CE1C93C42BC4DDEC00369F38 /* My WidgetExtension.appex in Embed Foundation Extensions */,
			);
			name = "Embed Foundation Extensions";
			runOnlyForDeploymentPostprocessing = 0;
		};
/* End PBXCopyFilesBuildPhase section */

/* Begin PBXFileReference section */
		CE1C939B2BC4DDA500369F38 /* WidgetExample.app */ = {isa = PBXFileReference; explicitFileType = wrapper.application; includeInIndex = 0; path = WidgetExample.app; sourceTree = BUILT_PRODUCTS_DIR; };
		CE1C939E2BC4DDA500369F38 /* WidgetExampleApp.swift */ = {isa = PBXFileReference; lastKnownFileType = sourcecode.swift; path = WidgetExampleApp.swift; sourceTree = "<group>"; };
		CE1C93A02BC4DDA500369F38 /* ContentView.swift */ = {isa = PBXFileReference; lastKnownFileType = sourcecode.swift; path = ContentView.swift; sourceTree = "<group>"; };
		CE1C93A22BC4DDA600369F38 /* Assets.xcassets */ = {isa = PBXFileReference; lastKnownFileType = folder.assetcatalog; path = Assets.xcassets; sourceTree = "<group>"; };
		CE1C93A52BC4DDA600369F38 /* Preview Assets.xcassets */ = {isa = PBXFileReference; lastKnownFileType = folder.assetcatalog; path = "Preview Assets.xcassets"; sourceTree = "<group>"; };
		CE1C93B02BC4DDEB00369F38 /* My WidgetExtension.appex */ = {isa = PBXFileReference; explicitFileType = "wrapper.app-extension"; includeInIndex = 0; path = "My WidgetExtension.appex"; sourceTree = BUILT_PRODUCTS_DIR; };
		CE1C93B22BC4DDEB00369F38 /* WidgetKit.framework */ = {isa = PBXFileReference; lastKnownFileType = wrapper.framework; name = WidgetKit.framework; path = System/Library/Frameworks/WidgetKit.framework; sourceTree = SDKROOT; };
		CE1C93B42BC4DDEB00369F38 /* SwiftUI.framework */ = {isa = PBXFileReference; lastKnownFileType = wrapper.framework; name = SwiftUI.framework; path = System/Library/Frameworks/SwiftUI.framework; sourceTree = SDKROOT; };
		CE1C93B72BC4DDEB00369F38 /* My_WidgetBundle.swift */ = {isa = PBXFileReference; lastKnownFileType = sourcecode.swift; path = My_WidgetBundle.swift; sourceTree = "<group>"; };
		CE1C93B92BC4DDEB00369F38 /* My_WidgetLiveActivity.swift */ = {isa = PBXFileReference; lastKnownFileType = sourcecode.swift; path = My_WidgetLiveActivity.swift; sourceTree = "<group>"; };
		CE1C93BB2BC4DDEB00369F38 /* My_Widget.swift */ = {isa = PBXFileReference; lastKnownFileType = sourcecode.swift; path = My_Widget.swift; sourceTree = "<group>"; };
		CE1C93BD2BC4DDEB00369F38 /* AppIntent.swift */ = {isa = PBXFileReference; lastKnownFileType = sourcecode.swift; path = AppIntent.swift; sourceTree = "<group>"; };
		CE1C93BF2BC4DDEC00369F38 /* Assets.xcassets */ = {isa = PBXFileReference; lastKnownFileType = folder.assetcatalog; path = Assets.xcassets; sourceTree = "<group>"; };
		CE1C93C12BC4DDEC00369F38 /* Info.plist */ = {isa = PBXFileReference; lastKnownFileType = text.plist.xml; path = Info.plist; sourceTree = "<group>"; };
/* End PBXFileReference section */

/* Begin PBXFrameworksBuildPhase section */
		CE1C93982BC4DDA500369F38 /* Frameworks */ = {
			isa = PBXFrameworksBuildPhase;
			buildActionMask = 2147483647;
			files = (
			);
			runOnlyForDeploymentPostprocessing = 0;
		};
		CE1C93AD2BC4DDEB00369F38 /* Frameworks */ = {
			isa = PBXFrameworksBuildPhase;
			buildActionMask = 2147483647;
			files = (
				CE1C93B52BC4DDEB00369F38 /* SwiftUI.framework in Frameworks */,
				CE1C93B32BC4DDEB00369F38 /* WidgetKit.framework in Frameworks */,
			);
			runOnlyForDeploymentPostprocessing = 0;
		};
/* End PBXFrameworksBuildPhase section */

/* Begin PBXGroup section */
		CE1C93922BC4DDA500369F38 = {
			isa = PBXGroup;
			children = (
				CE1C939D2BC4DDA500369F38 /* WidgetExample */,
				CE1C93B62BC4DDEB00369F38 /* My Widget */,
				CE1C93B12BC4DDEB00369F38 /* Frameworks */,
				CE1C939C2BC4DDA500369F38 /* Products */,
			);
			sourceTree = "<group>";
		};
		CE1C939C2BC4DDA500369F38 /* Products */ = {
			isa = PBXGroup;
			children = (
				CE1C939B2BC4DDA500369F38 /* WidgetExample.app */,
				CE1C93B02BC4DDEB00369F38 /* My WidgetExtension.appex */,
			);
			name = Products;
			sourceTree = "<group>";
		};
		CE1C939D2BC4DDA500369F38 /* WidgetExample */ = {
			isa = PBXGroup;
			children = (
				CE1C939E2BC4DDA500369F38 /* WidgetExampleApp.swift */,
				CE1C93A02BC4DDA500369F38 /* ContentView.swift */,
				CE1C93A22BC4DDA600369F38 /* Assets.xcassets */,
				CE1C93A42BC4DDA600369F38 /* Preview Content */,
			);
			path = WidgetExample;
			sourceTree = "<group>";
		};
		CE1C93A42BC4DDA600369F38 /* Preview Content */ = {
			isa = PBXGroup;
			children = (
				CE1C93A52BC4DDA600369F38 /* Preview Assets.xcassets */,
			);
			path = "Preview Content";
			sourceTree = "<group>";
		};
		CE1C93B12BC4DDEB00369F38 /* Frameworks */ = {
			isa = PBXGroup;
			children = (
				CE1C93B22BC4DDEB00369F38 /* WidgetKit.framework */,
				CE1C93B42BC4DDEB00369F38 /* SwiftUI.framework */,
			);
			name = Frameworks;
			sourceTree = "<group>";
		};
		CE1C93B62BC4DDEB00369F38 /* My Widget */ = {
			isa = PBXGroup;
			children = (
				CE1C93B72BC4DDEB00369F38 /* My_WidgetBundle.swift */,
				CE1C93B92BC4DDEB00369F38 /* My_WidgetLiveActivity.swift */,
				CE1C93BB2BC4DDEB00369F38 /* My_Widget.swift */,
				CE1C93BD2BC4DDEB00369F38 /* AppIntent.swift */,
				CE1C93BF2BC4DDEC00369F38 /* Assets.xcassets */,
				CE1C93C12BC4DDEC00369F38 /* Info.plist */,
			);
			path = "My Widget";
			sourceTree = "<group>";
		};
/* End PBXGroup section */

/* Begin PBXNativeTarget section */
		CE1C939A2BC4DDA500369F38 /* WidgetExample */ = {
			isa = PBXNativeTarget;
			buildConfigurationList = CE1C93A92BC4DDA600369F38 /* Build configuration list for PBXNativeTarget "WidgetExample" */;
			buildPhases = (
				CE1C93972BC4DDA500369F38 /* Sources */,
				CE1C93982BC4DDA500369F38 /* Frameworks */,
				CE1C93992BC4DDA500369F38 /* Resources */,
				CE1C93C82BC4DDEC00369F38 /* Embed Foundation Extensions */,
			);
			buildRules = (
			);
			dependencies = (
				CE1C93C32BC4DDEC00369F38 /* PBXTargetDependency */,
			);
			name = WidgetExample;
			productName = WidgetExample;
			productReference = CE1C939B2BC4DDA500369F38 /* WidgetExample.app */;
			productType = "com.apple.product-type.application";
		};
		CE1C93AF2BC4DDEB00369F38 /* My WidgetExtension */ = {
			isa = PBXNativeTarget;
			buildConfigurationList = CE1C93C52BC4DDEC00369F38 /* Build configuration list for PBXNativeTarget "My WidgetExtension" */;
			buildPhases = (
				CE1C93AC2BC4DDEB00369F38 /* Sources */,
				CE1C93AD2BC4DDEB00369F38 /* Frameworks */,
				CE1C93AE2BC4DDEB00369F38 /* Resources */,
			);
			buildRules = (
			);
			dependencies = (
			);
			name = "My WidgetExtension";
			productName = "My WidgetExtension";
			productReference = CE1C93B02BC4DDEB00369F38 /* My WidgetExtension.appex */;
			productType = "com.apple.product-type.app-extension";
		};
/* End PBXNativeTarget section */

/* Begin PBXProject section */
		CE1C93932BC4DDA500369F38 /* Project object */ = {
			isa = PBXProject;
			attributes = {
				BuildIndependentTargetsInParallel = 1;
				LastSwiftUpdateCheck = 1530;
				LastUpgradeCheck = 1530;
				TargetAttributes = {
					CE1C939A2BC4DDA500369F38 = {
						CreatedOnToolsVersion = 15.3;
					};
					CE1C93AF2BC4DDEB00369F38 = {
						CreatedOnToolsVersion = 15.3;
					};
				};
			};
			buildConfigurationList = CE1C93962BC4DDA500369F38 /* Build configuration list for PBXProject "WidgetExample" */;
			compatibilityVersion = "Xcode 14.0";
			developmentRegion = en;
			hasScannedForEncodings = 0;
			knownRegions = (
				en,
				Base,
			);
			mainGroup = CE1C93922BC4DDA500369F38;
			productRefGroup = CE1C939C2BC4DDA500369F38 /* Products */;
			projectDirPath = "";
			projectRoot = "";
			targets = (
				CE1C939A2BC4DDA500369F38 /* WidgetExample */,
				CE1C93AF2BC4DDEB00369F38 /* My WidgetExtension */,
			);
		};
/* End PBXProject section */

/* Begin PBXResourcesBuildPhase section */
		CE1C93992BC4DDA500369F38 /* Resources */ = {
			isa = PBXResourcesBuildPhase;
			buildActionMask = 2147483647;
			files = (
				CE1C93A62BC4DDA600369F38 /* Preview Assets.xcassets in Resources */,
				CE1C93A32BC4DDA600369F38 /* Assets.xcassets in Resources */,
			);
			runOnlyForDeploymentPostprocessing = 0;
		};
		CE1C93AE2BC4DDEB00369F38 /* Resources */ = {
			isa = PBXResourcesBuildPhase;
			buildActionMask = 2147483647;
			files = (
				CE1C93C02BC4DDEC00369F38 /* Assets.xcassets in Resources */,
			);
			runOnlyForDeploymentPostprocessing = 0;
		};
/* End PBXResourcesBuildPhase section */

/* Begin PBXSourcesBuildPhase section */
		CE1C93972BC4DDA500369F38 /* Sources */ = {
			isa = PBXSourcesBuildPhase;
			buildActionMask = 2147483647;
			files = (
				CE1C93A12BC4DDA500369F38 /* ContentView.swift in Sources */,
				CE1C939F2BC4DDA500369F38 /* WidgetExampleApp.swift in Sources */,
			);
			runOnlyForDeploymentPostprocessing = 0;
		};
		CE1C93AC2BC4DDEB00369F38 /* Sources */ = {
			isa = PBXSourcesBuildPhase;
			buildActionMask = 2147483647;
			files = (
				CE1C93BA2BC4DDEB00369F38 /* My_WidgetLiveActivity.swift in Sources */,
				CE1C93BE2BC4DDEB00369F38 /* AppIntent.swift in Sources */,
				CE1C93B82BC4DDEB00369F38 /* My_WidgetBundle.swift in Sources */,
				CE1C93BC2BC4DDEB00369F38 /* My_Widget.swift in Sources */,
			);
			runOnlyForDeploymentPostprocessing = 0;
		};
/* End PBXSourcesBuildPhase section */

/* Begin PBXTargetDependency section */
		CE1C93C32BC4DDEC00369F38 /* PBXTargetDependency */ = {
			isa = PBXTargetDependency;
			target = CE1C93AF2BC4DDEB00369F38 /* My WidgetExtension */;
			targetProxy = CE1C93C22BC4DDEC00369F38 /* PBXContainerItemProxy */;
		};
/* End PBXTargetDependency section */

/* Begin XCBuildConfiguration section */
		CE1C93A72BC4DDA600369F38 /* Debug */ = {
			isa = XCBuildConfiguration;
			buildSettings = {
				ALWAYS_SEARCH_USER_PATHS = NO;
				ASSETCATALOG_COMPILER_GENERATE_SWIFT_ASSET_SYMBOL_EXTENSIONS = YES;
				CLANG_ANALYZER_NONNULL = YES;
				CLANG_ANALYZER_NUMBER_OBJECT_CONVERSION = YES_AGGRESSIVE;
				CLANG_CXX_LANGUAGE_STANDARD = "gnu++20";
				CLANG_ENABLE_MODULES = YES;
				CLANG_ENABLE_OBJC_ARC = YES;
				CLANG_ENABLE_OBJC_WEAK = YES;
				CLANG_WARN_BLOCK_CAPTURE_AUTORELEASING = YES;
				CLANG_WARN_BOOL_CONVERSION = YES;
				CLANG_WARN_COMMA = YES;
				CLANG_WARN_CONSTANT_CONVERSION = YES;
				CLANG_WARN_DEPRECATED_OBJC_IMPLEMENTATIONS = YES;
				CLANG_WARN_DIRECT_OBJC_ISA_USAGE = YES_ERROR;
				CLANG_WARN_DOCUMENTATION_COMMENTS = YES;
				CLANG_WARN_EMPTY_BODY = YES;
				CLANG_WARN_ENUM_CONVERSION = YES;
				CLANG_WARN_INFINITE_RECURSION = YES;
				CLANG_WARN_INT_CONVERSION = YES;
				CLANG_WARN_NON_LITERAL_NULL_CONVERSION = YES;
				CLANG_WARN_OBJC_IMPLICIT_RETAIN_SELF = YES;
				CLANG_WARN_OBJC_LITERAL_CONVERSION = YES;
				CLANG_WARN_OBJC_ROOT_CLASS = YES_ERROR;
				CLANG_WARN_QUOTED_INCLUDE_IN_FRAMEWORK_HEADER = YES;
				CLANG_WARN_RANGE_LOOP_ANALYSIS = YES;
				CLANG_WARN_STRICT_PROTOTYPES = YES;
				CLANG_WARN_SUSPICIOUS_MOVE = YES;
				CLANG_WARN_UNGUARDED_AVAILABILITY = YES_AGGRESSIVE;
				CLANG_WARN_UNREACHABLE_CODE = YES;
				CLANG_WARN__DUPLICATE_METHOD_MATCH = YES;
				COPY_PHASE_STRIP = NO;
				DEBUG_INFORMATION_FORMAT = dwarf;
				ENABLE_STRICT_OBJC_MSGSEND = YES;
				ENABLE_TESTABILITY = YES;
				ENABLE_USER_SCRIPT_SANDBOXING = YES;
				GCC_C_LANGUAGE_STANDARD = gnu17;
				GCC_DYNAMIC_NO_PIC = NO;
				GCC_NO_COMMON_BLOCKS = YES;
				GCC_OPTIMIZATION_LEVEL = 0;
				GCC_PREPROCESSOR_DEFINITIONS = (
					"DEBUG=1",
					"$(inherited)",
				);
				GCC_WARN_64_TO_32_BIT_CONVERSION = YES;
				GCC_WARN_ABOUT_RETURN_TYPE = YES_ERROR;
				GCC_WARN_UNDECLARED_SELECTOR = YES;
				GCC_WARN_UNINITIALIZED_AUTOS = YES_AGGRESSIVE;
				GCC_WARN_UNUSED_FUNCTION = YES;
				GCC_WARN_UNUSED_VARIABLE = YES;
				IPHONEOS_DEPLOYMENT_TARGET = 17.4;
				LOCALIZATION_PREFERS_STRING_CATALOGS = YES;
				MTL_ENABLE_DEBUG_INFO = INCLUDE_SOURCE;
				MTL_FAST_MATH = YES;
				ONLY_ACTIVE_ARCH = YES;
				SDKROOT = iphoneos;
				SWIFT_ACTIVE_COMPILATION_CONDITIONS = "DEBUG $(inherited)";
				SWIFT_OPTIMIZATION_LEVEL = "-Onone";
			};
			name = Debug;
		};
		CE1C93A82BC4DDA600369F38 /* Release */ = {
			isa = XCBuildConfiguration;
			buildSettings = {
				ALWAYS_SEARCH_USER_PATHS = NO;
				ASSETCATALOG_COMPILER_GENERATE_SWIFT_ASSET_SYMBOL_EXTENSIONS = YES;
				CLANG_ANALYZER_NONNULL = YES;
				CLANG_ANALYZER_NUMBER_OBJECT_CONVERSION = YES_AGGRESSIVE;
				CLANG_CXX_LANGUAGE_STANDARD = "gnu++20";
				CLANG_ENABLE_MODULES = YES;
				CLANG_ENABLE_OBJC_ARC = YES;
				CLANG_ENABLE_OBJC_WEAK = YES;
				CLANG_WARN_BLOCK_CAPTURE_AUTORELEASING = YES;
				CLANG_WARN_BOOL_CONVERSION = YES;
				CLANG_WARN_COMMA = YES;
				CLANG_WARN_CONSTANT_CONVERSION = YES;
				CLANG_WARN_DEPRECATED_OBJC_IMPLEMENTATIONS = YES;
				CLANG_WARN_DIRECT_OBJC_ISA_USAGE = YES_ERROR;
				CLANG_WARN_DOCUMENTATION_COMMENTS = YES;
				CLANG_WARN_EMPTY_BODY = YES;
				CLANG_WARN_ENUM_CONVERSION = YES;
				CLANG_WARN_INFINITE_RECURSION = YES;
				CLANG_WARN_INT_CONVERSION = YES;
				CLANG_WARN_NON_LITERAL_NULL_CONVERSION = YES;
				CLANG_WARN_OBJC_IMPLICIT_RETAIN_SELF = YES;
				CLANG_WARN_OBJC_LITERAL_CONVERSION = YES;
				CLANG_WARN_OBJC_ROOT_CLASS = YES_ERROR;
				CLANG_WARN_QUOTED_INCLUDE_IN_FRAMEWORK_HEADER = YES;
				CLANG_WARN_RANGE_LOOP_ANALYSIS = YES;
				CLANG_WARN_STRICT_PROTOTYPES = YES;
				CLANG_WARN_SUSPICIOUS_MOVE = YES;
				CLANG_WARN_UNGUARDED_AVAILABILITY = YES_AGGRESSIVE;
				CLANG_WARN_UNREACHABLE_CODE = YES;
				CLANG_WARN__DUPLICATE_METHOD_MATCH = YES;
				COPY_PHASE_STRIP = NO;
				DEBUG_INFORMATION_FORMAT = "dwarf-with-dsym";
				ENABLE_NS_ASSERTIONS = NO;
				ENABLE_STRICT_OBJC_MSGSEND = YES;
				ENABLE_USER_SCRIPT_SANDBOXING = YES;
				GCC_C_LANGUAGE_STANDARD = gnu17;
				GCC_NO_COMMON_BLOCKS = YES;
				GCC_WARN_64_TO_32_BIT_CONVERSION = YES;
				GCC_WARN_ABOUT_RETURN_TYPE = YES_ERROR;
				GCC_WARN_UNDECLARED_SELECTOR = YES;
				GCC_WARN_UNINITIALIZED_AUTOS = YES_AGGRESSIVE;
				GCC_WARN_UNUSED_FUNCTION = YES;
				GCC_WARN_UNUSED_VARIABLE = YES;
				IPHONEOS_DEPLOYMENT_TARGET = 17.4;
				LOCALIZATION_PREFERS_STRING_CATALOGS = YES;
				MTL_ENABLE_DEBUG_INFO = NO;
				MTL_FAST_MATH = YES;
				SDKROOT = iphoneos;
				SWIFT_COMPILATION_MODE = wholemodule;
				VALIDATE_PRODUCT = YES;
			};
			name = Release;
		};
		CE1C93AA2BC4DDA600369F38 /* Debug */ = {
			isa = XCBuildConfiguration;
			buildSettings = {
				ALWAYS_EMBED_SWIFT_STANDARD_LIBRARIES = YES;
				ASSETCATALOG_COMPILER_APPICON_NAME = AppIcon;
				ASSETCATALOG_COMPILER_GLOBAL_ACCENT_COLOR_NAME = AccentColor;
				CODE_SIGN_STYLE = Automatic;
				CURRENT_PROJECT_VERSION = 1;
				DEVELOPMENT_ASSET_PATHS = "\"WidgetExample/Preview Content\"";
				DEVELOPMENT_TEAM = 5JZ2BZ29WJ;
				ENABLE_PREVIEWS = YES;
				GENERATE_INFOPLIST_FILE = YES;
				INFOPLIST_KEY_UIApplicationSceneManifest_Generation = YES;
				INFOPLIST_KEY_UIApplicationSupportsIndirectInputEvents = YES;
				INFOPLIST_KEY_UILaunchScreen_Generation = YES;
				INFOPLIST_KEY_UISupportedInterfaceOrientations_iPad = "UIInterfaceOrientationPortrait UIInterfaceOrientationPortraitUpsideDown UIInterfaceOrientationLandscapeLeft UIInterfaceOrientationLandscapeRight";
				INFOPLIST_KEY_UISupportedInterfaceOrientations_iPhone = "UIInterfaceOrientationPortrait UIInterfaceOrientationLandscapeLeft UIInterfaceOrientationLandscapeRight";
				IPHONEOS_DEPLOYMENT_TARGET = 17.0;
				LD_RUNPATH_SEARCH_PATHS = (
					"$(inherited)",
					"@executable_path/Frameworks",
				);
				MARKETING_VERSION = 1.0;
				PRODUCT_BUNDLE_IDENTIFIER = com.kai.WidgetExample;
				PRODUCT_NAME = "$(TARGET_NAME)";
				SWIFT_EMIT_LOC_STRINGS = YES;
				SWIFT_VERSION = 5.0;
				TARGETED_DEVICE_FAMILY = "1,2";
			};
			name = Debug;
		};
		CE1C93AB2BC4DDA600369F38 /* Release */ = {
			isa = XCBuildConfiguration;
			buildSettings = {
				ALWAYS_EMBED_SWIFT_STANDARD_LIBRARIES = YES;
				ASSETCATALOG_COMPILER_APPICON_NAME = AppIcon;
				ASSETCATALOG_COMPILER_GLOBAL_ACCENT_COLOR_NAME = AccentColor;
				CODE_SIGN_STYLE = Automatic;
				CURRENT_PROJECT_VERSION = 1;
				DEVELOPMENT_ASSET_PATHS = "\"WidgetExample/Preview Content\"";
				DEVELOPMENT_TEAM = 5JZ2BZ29WJ;
				ENABLE_PREVIEWS = YES;
				GENERATE_INFOPLIST_FILE = YES;
				INFOPLIST_KEY_UIApplicationSceneManifest_Generation = YES;
				INFOPLIST_KEY_UIApplicationSupportsIndirectInputEvents = YES;
				INFOPLIST_KEY_UILaunchScreen_Generation = YES;
				INFOPLIST_KEY_UISupportedInterfaceOrientations_iPad = "UIInterfaceOrientationPortrait UIInterfaceOrientationPortraitUpsideDown UIInterfaceOrientationLandscapeLeft UIInterfaceOrientationLandscapeRight";
				INFOPLIST_KEY_UISupportedInterfaceOrientations_iPhone = "UIInterfaceOrientationPortrait UIInterfaceOrientationLandscapeLeft UIInterfaceOrientationLandscapeRight";
				IPHONEOS_DEPLOYMENT_TARGET = 17.0;
				LD_RUNPATH_SEARCH_PATHS = (
					"$(inherited)",
					"@executable_path/Frameworks",
				);
				MARKETING_VERSION = 1.0;
				PRODUCT_BUNDLE_IDENTIFIER = com.kai.WidgetExample;
				PRODUCT_NAME = "$(TARGET_NAME)";
				SWIFT_EMIT_LOC_STRINGS = YES;
				SWIFT_VERSION = 5.0;
				TARGETED_DEVICE_FAMILY = "1,2";
			};
			name = Release;
		};
		CE1C93C62BC4DDEC00369F38 /* Debug */ = {
			isa = XCBuildConfiguration;
			buildSettings = {
				ASSETCATALOG_COMPILER_GLOBAL_ACCENT_COLOR_NAME = AccentColor;
				ASSETCATALOG_COMPILER_WIDGET_BACKGROUND_COLOR_NAME = WidgetBackground;
				CODE_SIGN_STYLE = Automatic;
				CURRENT_PROJECT_VERSION = 1;
				DEVELOPMENT_TEAM = 5JZ2BZ29WJ;
				GENERATE_INFOPLIST_FILE = YES;
				INFOPLIST_FILE = "My Widget/Info.plist";
				INFOPLIST_KEY_CFBundleDisplayName = "My Widget";
				INFOPLIST_KEY_NSHumanReadableCopyright = "";
				IPHONEOS_DEPLOYMENT_TARGET = 17.0;
				LD_RUNPATH_SEARCH_PATHS = (
					"$(inherited)",
					"@executable_path/Frameworks",
					"@executable_path/../../Frameworks",
				);
				MARKETING_VERSION = 1.0;
				PRODUCT_BUNDLE_IDENTIFIER = "com.kai.WidgetExample.My-Widget";
				PRODUCT_NAME = "$(TARGET_NAME)";
				SKIP_INSTALL = YES;
				SWIFT_EMIT_LOC_STRINGS = YES;
				SWIFT_VERSION = 5.0;
				TARGETED_DEVICE_FAMILY = "1,2";
			};
			name = Debug;
		};
		CE1C93C72BC4DDEC00369F38 /* Release */ = {
			isa = XCBuildConfiguration;
			buildSettings = {
				ASSETCATALOG_COMPILER_GLOBAL_ACCENT_COLOR_NAME = AccentColor;
				ASSETCATALOG_COMPILER_WIDGET_BACKGROUND_COLOR_NAME = WidgetBackground;
				CODE_SIGN_STYLE = Automatic;
				CURRENT_PROJECT_VERSION = 1;
				DEVELOPMENT_TEAM = 5JZ2BZ29WJ;
				GENERATE_INFOPLIST_FILE = YES;
				INFOPLIST_FILE = "My Widget/Info.plist";
				INFOPLIST_KEY_CFBundleDisplayName = "My Widget";
				INFOPLIST_KEY_NSHumanReadableCopyright = "";
				IPHONEOS_DEPLOYMENT_TARGET = 17.0;
				LD_RUNPATH_SEARCH_PATHS = (
					"$(inherited)",
					"@executable_path/Frameworks",
					"@executable_path/../../Frameworks",
				);
				MARKETING_VERSION = 1.0;
				PRODUCT_BUNDLE_IDENTIFIER = "com.kai.WidgetExample.My-Widget";
				PRODUCT_NAME = "$(TARGET_NAME)";
				SKIP_INSTALL = YES;
				SWIFT_EMIT_LOC_STRINGS = YES;
				SWIFT_VERSION = 5.0;
				TARGETED_DEVICE_FAMILY = "1,2";
			};
			name = Release;
		};
/* End XCBuildConfiguration section */

/* Begin XCConfigurationList section */
		CE1C93962BC4DDA500369F38 /* Build configuration list for PBXProject "WidgetExample" */ = {
			isa = XCConfigurationList;
			buildConfigurations = (
				CE1C93A72BC4DDA600369F38 /* Debug */,
				CE1C93A82BC4DDA600369F38 /* Release */,
			);
			defaultConfigurationIsVisible = 0;
			defaultConfigurationName = Release;
		};
		CE1C93A92BC4DDA600369F38 /* Build configuration list for PBXNativeTarget "WidgetExample" */ = {
			isa = XCConfigurationList;
			buildConfigurations = (
				CE1C93AA2BC4DDA600369F38 /* Debug */,
				CE1C93AB2BC4DDA600369F38 /* Release */,
			);
			defaultConfigurationIsVisible = 0;
			defaultConfigurationName = Release;
		};
		CE1C93C52BC4DDEC00369F38 /* Build configuration list for PBXNativeTarget "My WidgetExtension" */ = {
			isa = XCConfigurationList;
			buildConfigurations = (
				CE1C93C62BC4DDEC00369F38 /* Debug */,
				CE1C93C72BC4DDEC00369F38 /* Release */,
			);
			defaultConfigurationIsVisible = 0;
			defaultConfigurationName = Release;
		};
/* End XCConfigurationList section */
	};
	rootObject = CE1C93932BC4DDA500369F38 /* Project object */;
}
